
Microsoft Visual Studio Solution File, Format Version 12.00
# Visual Studio 15
VisualStudioVersion = 15.0.26730.12
MinimumVisualStudioVersion = 10.0.40219.1
Project("{FAE04EC0-301F-11D3-BF4B-00C04F79EFBC}") = "DnDAssistant.Wpf", "DnDAssistant.Wpf\DnDAssistant.Wpf.csproj", "{65575EDE-6FC7-4559-B369-D0C81F488EB9}"
EndProject
Project("{FAE04EC0-301F-11D3-BF4B-00C04F79EFBC}") = "DnDAssistant.Core", "DnDAssistant.Core\DnDAssistant.Core.csproj", "{FC905F7D-DA4A-46A4-B2CA-78CB93209C19}"
EndProject
Project("{FAE04EC0-301F-11D3-BF4B-00C04F79EFBC}") = "DnDAssistant.UnitTester", "DnDAssistant.UnitTester\DnDAssistant.UnitTester.csproj", "{40DC1186-4028-4D36-9E19-A472FA766C28}"
EndProject
Project("{930C7802-8A8C-48F9-8165-68863BCCD9DD}") = "DnDAssistant.Installer", "DnDAssistant.Installer\DnDAssistant.Installer.wixproj", "{648BDDCF-78F3-4143-A91A-72932DBB3448}"
EndProject
Project("{D954291E-2A0B-460D-934E-DC6B0785DB48}") = "DnDAssistant.Xamarin", "DnDAssistant.Xamarin\DnDAssistant.Xamarin\DnDAssistant.Xamarin.shproj", "{874256E1-530A-46FE-A782-83F608BE5F88}"
EndProject
Project("{FAE04EC0-301F-11D3-BF4B-00C04F79EFBC}") = "DnDAssistant.Xamarin.Android", "DnDAssistant.Xamarin\DnDAssistant.Xamarin.Android\DnDAssistant.Xamarin.Android.csproj", "{9AC486C7-0F0A-41A9-A6D1-302716D91802}"
EndProject
Project("{FAE04EC0-301F-11D3-BF4B-00C04F79EFBC}") = "DnDAssistant.Xamarin.iOS", "DnDAssistant.Xamarin\DnDAssistant.Xamarin.iOS\DnDAssistant.Xamarin.iOS.csproj", "{72AEC742-9AA4-4B0F-B6E5-17FE2E45E8F2}"
EndProject
Project("{FAE04EC0-301F-11D3-BF4B-00C04F79EFBC}") = "DnDAssistant.Xamarin.UWP", "DnDAssistant.Xamarin\DnDAssistant.Xamarin.UWP\DnDAssistant.Xamarin.UWP.csproj", "{78DDEF8F-2950-4081-B345-9C7D2B16BA3B}"
EndProject
Global
	GlobalSection(SharedMSBuildProjectFiles) = preSolution
		DnDAssistant.Xamarin\DnDAssistant.Xamarin\DnDAssistant.Xamarin.projitems*{72aec742-9aa4-4b0f-b6e5-17fe2e45e8f2}*SharedItemsImports = 4
		DnDAssistant.Xamarin\DnDAssistant.Xamarin\DnDAssistant.Xamarin.projitems*{78ddef8f-2950-4081-b345-9c7d2b16ba3b}*SharedItemsImports = 4
		DnDAssistant.Xamarin\DnDAssistant.Xamarin\DnDAssistant.Xamarin.projitems*{874256e1-530a-46fe-a782-83f608be5f88}*SharedItemsImports = 13
		DnDAssistant.Xamarin\DnDAssistant.Xamarin\DnDAssistant.Xamarin.projitems*{9ac486c7-0f0a-41a9-a6d1-302716d91802}*SharedItemsImports = 4
	EndGlobalSection
	GlobalSection(SolutionConfigurationPlatforms) = preSolution
		Debug|Any CPU = Debug|Any CPU
		Debug|ARM = Debug|ARM
		Debug|iPhone = Debug|iPhone
		Debug|iPhoneSimulator = Debug|iPhoneSimulator
		Debug|x64 = Debug|x64
		Debug|x86 = Debug|x86
		Release|Any CPU = Release|Any CPU
		Release|ARM = Release|ARM
		Release|iPhone = Release|iPhone
		Release|iPhoneSimulator = Release|iPhoneSimulator
		Release|x64 = Release|x64
		Release|x86 = Release|x86
	EndGlobalSection
	GlobalSection(ProjectConfigurationPlatforms) = postSolution
		{65575EDE-6FC7-4559-B369-D0C81F488EB9}.Debug|Any CPU.ActiveCfg = Debug|Any CPU
		{65575EDE-6FC7-4559-B369-D0C81F488EB9}.Debug|Any CPU.Build.0 = Debug|Any CPU
		{65575EDE-6FC7-4559-B369-D0C81F488EB9}.Debug|ARM.ActiveCfg = Debug|Any CPU
		{65575EDE-6FC7-4559-B369-D0C81F488EB9}.Debug|ARM.Build.0 = Debug|Any CPU
		{65575EDE-6FC7-4559-B369-D0C81F488EB9}.Debug|iPhone.ActiveCfg = Debug|Any CPU
		{65575EDE-6FC7-4559-B369-D0C81F488EB9}.Debug|iPhone.Build.0 = Debug|Any CPU
		{65575EDE-6FC7-4559-B369-D0C81F488EB9}.Debug|iPhoneSimulator.ActiveCfg = Debug|Any CPU
		{65575EDE-6FC7-4559-B369-D0C81F488EB9}.Debug|iPhoneSimulator.Build.0 = Debug|Any CPU
		{65575EDE-6FC7-4559-B369-D0C81F488EB9}.Debug|x64.ActiveCfg = Debug|Any CPU
		{65575EDE-6FC7-4559-B369-D0C81F488EB9}.Debug|x64.Build.0 = Debug|Any CPU
		{65575EDE-6FC7-4559-B369-D0C81F488EB9}.Debug|x86.ActiveCfg = Debug|Any CPU
		{65575EDE-6FC7-4559-B369-D0C81F488EB9}.Debug|x86.Build.0 = Debug|Any CPU
		{65575EDE-6FC7-4559-B369-D0C81F488EB9}.Release|Any CPU.ActiveCfg = Release|Any CPU
		{65575EDE-6FC7-4559-B369-D0C81F488EB9}.Release|Any CPU.Build.0 = Release|Any CPU
		{65575EDE-6FC7-4559-B369-D0C81F488EB9}.Release|ARM.ActiveCfg = Release|Any CPU
		{65575EDE-6FC7-4559-B369-D0C81F488EB9}.Release|ARM.Build.0 = Release|Any CPU
		{65575EDE-6FC7-4559-B369-D0C81F488EB9}.Release|iPhone.ActiveCfg = Release|Any CPU
		{65575EDE-6FC7-4559-B369-D0C81F488EB9}.Release|iPhone.Build.0 = Release|Any CPU
		{65575EDE-6FC7-4559-B369-D0C81F488EB9}.Release|iPhoneSimulator.ActiveCfg = Release|Any CPU
		{65575EDE-6FC7-4559-B369-D0C81F488EB9}.Release|iPhoneSimulator.Build.0 = Release|Any CPU
		{65575EDE-6FC7-4559-B369-D0C81F488EB9}.Release|x64.ActiveCfg = Release|x64
		{65575EDE-6FC7-4559-B369-D0C81F488EB9}.Release|x64.Build.0 = Release|x64
		{65575EDE-6FC7-4559-B369-D0C81F488EB9}.Release|x86.ActiveCfg = Release|Any CPU
		{65575EDE-6FC7-4559-B369-D0C81F488EB9}.Release|x86.Build.0 = Release|Any CPU
		{FC905F7D-DA4A-46A4-B2CA-78CB93209C19}.Debug|Any CPU.ActiveCfg = Debug|Any CPU
		{FC905F7D-DA4A-46A4-B2CA-78CB93209C19}.Debug|Any CPU.Build.0 = Debug|Any CPU
		{FC905F7D-DA4A-46A4-B2CA-78CB93209C19}.Debug|ARM.ActiveCfg = Debug|Any CPU
		{FC905F7D-DA4A-46A4-B2CA-78CB93209C19}.Debug|ARM.Build.0 = Debug|Any CPU
		{FC905F7D-DA4A-46A4-B2CA-78CB93209C19}.Debug|iPhone.ActiveCfg = Debug|Any CPU
		{FC905F7D-DA4A-46A4-B2CA-78CB93209C19}.Debug|iPhone.Build.0 = Debug|Any CPU
		{FC905F7D-DA4A-46A4-B2CA-78CB93209C19}.Debug|iPhoneSimulator.ActiveCfg = Debug|Any CPU
		{FC905F7D-DA4A-46A4-B2CA-78CB93209C19}.Debug|iPhoneSimulator.Build.0 = Debug|Any CPU
		{FC905F7D-DA4A-46A4-B2CA-78CB93209C19}.Debug|x64.ActiveCfg = Debug|Any CPU
		{FC905F7D-DA4A-46A4-B2CA-78CB93209C19}.Debug|x64.Build.0 = Debug|Any CPU
		{FC905F7D-DA4A-46A4-B2CA-78CB93209C19}.Debug|x86.ActiveCfg = Debug|Any CPU
		{FC905F7D-DA4A-46A4-B2CA-78CB93209C19}.Debug|x86.Build.0 = Debug|Any CPU
		{FC905F7D-DA4A-46A4-B2CA-78CB93209C19}.Release|Any CPU.ActiveCfg = Release|Any CPU
		{FC905F7D-DA4A-46A4-B2CA-78CB93209C19}.Release|Any CPU.Build.0 = Release|Any CPU
		{FC905F7D-DA4A-46A4-B2CA-78CB93209C19}.Release|ARM.ActiveCfg = Release|Any CPU
		{FC905F7D-DA4A-46A4-B2CA-78CB93209C19}.Release|ARM.Build.0 = Release|Any CPU
		{FC905F7D-DA4A-46A4-B2CA-78CB93209C19}.Release|iPhone.ActiveCfg = Release|Any CPU
		{FC905F7D-DA4A-46A4-B2CA-78CB93209C19}.Release|iPhone.Build.0 = Release|Any CPU
		{FC905F7D-DA4A-46A4-B2CA-78CB93209C19}.Release|iPhoneSimulator.ActiveCfg = Release|Any CPU
		{FC905F7D-DA4A-46A4-B2CA-78CB93209C19}.Release|iPhoneSimulator.Build.0 = Release|Any CPU
		{FC905F7D-DA4A-46A4-B2CA-78CB93209C19}.Release|x64.ActiveCfg = Release|x64
		{FC905F7D-DA4A-46A4-B2CA-78CB93209C19}.Release|x64.Build.0 = Release|x64
		{FC905F7D-DA4A-46A4-B2CA-78CB93209C19}.Release|x86.ActiveCfg = Release|Any CPU
		{FC905F7D-DA4A-46A4-B2CA-78CB93209C19}.Release|x86.Build.0 = Release|Any CPU
		{40DC1186-4028-4D36-9E19-A472FA766C28}.Debug|Any CPU.ActiveCfg = Debug|Any CPU
		{40DC1186-4028-4D36-9E19-A472FA766C28}.Debug|Any CPU.Build.0 = Debug|Any CPU
		{40DC1186-4028-4D36-9E19-A472FA766C28}.Debug|ARM.ActiveCfg = Debug|Any CPU
		{40DC1186-4028-4D36-9E19-A472FA766C28}.Debug|ARM.Build.0 = Debug|Any CPU
		{40DC1186-4028-4D36-9E19-A472FA766C28}.Debug|iPhone.ActiveCfg = Debug|Any CPU
		{40DC1186-4028-4D36-9E19-A472FA766C28}.Debug|iPhone.Build.0 = Debug|Any CPU
		{40DC1186-4028-4D36-9E19-A472FA766C28}.Debug|iPhoneSimulator.ActiveCfg = Debug|Any CPU
		{40DC1186-4028-4D36-9E19-A472FA766C28}.Debug|iPhoneSimulator.Build.0 = Debug|Any CPU
		{40DC1186-4028-4D36-9E19-A472FA766C28}.Debug|x64.ActiveCfg = Debug|Any CPU
		{40DC1186-4028-4D36-9E19-A472FA766C28}.Debug|x64.Build.0 = Debug|Any CPU
		{40DC1186-4028-4D36-9E19-A472FA766C28}.Debug|x86.ActiveCfg = Debug|Any CPU
		{40DC1186-4028-4D36-9E19-A472FA766C28}.Debug|x86.Build.0 = Debug|Any CPU
		{40DC1186-4028-4D36-9E19-A472FA766C28}.Release|Any CPU.ActiveCfg = Release|Any CPU
		{40DC1186-4028-4D36-9E19-A472FA766C28}.Release|Any CPU.Build.0 = Release|Any CPU
		{40DC1186-4028-4D36-9E19-A472FA766C28}.Release|ARM.ActiveCfg = Release|Any CPU
		{40DC1186-4028-4D36-9E19-A472FA766C28}.Release|ARM.Build.0 = Release|Any CPU
		{40DC1186-4028-4D36-9E19-A472FA766C28}.Release|iPhone.ActiveCfg = Release|Any CPU
		{40DC1186-4028-4D36-9E19-A472FA766C28}.Release|iPhone.Build.0 = Release|Any CPU
		{40DC1186-4028-4D36-9E19-A472FA766C28}.Release|iPhoneSimulator.ActiveCfg = Release|Any CPU
		{40DC1186-4028-4D36-9E19-A472FA766C28}.Release|iPhoneSimulator.Build.0 = Release|Any CPU
		{40DC1186-4028-4D36-9E19-A472FA766C28}.Release|x64.ActiveCfg = Release|x64
		{40DC1186-4028-4D36-9E19-A472FA766C28}.Release|x64.Build.0 = Release|x64
		{40DC1186-4028-4D36-9E19-A472FA766C28}.Release|x86.ActiveCfg = Release|Any CPU
		{40DC1186-4028-4D36-9E19-A472FA766C28}.Release|x86.Build.0 = Release|Any CPU
		{648BDDCF-78F3-4143-A91A-72932DBB3448}.Debug|Any CPU.ActiveCfg = Debug|x86
		{648BDDCF-78F3-4143-A91A-72932DBB3448}.Debug|ARM.ActiveCfg = Debug|x86
		{648BDDCF-78F3-4143-A91A-72932DBB3448}.Debug|iPhone.ActiveCfg = Debug|x86
		{648BDDCF-78F3-4143-A91A-72932DBB3448}.Debug|iPhoneSimulator.ActiveCfg = Debug|x86
		{648BDDCF-78F3-4143-A91A-72932DBB3448}.Debug|x64.ActiveCfg = Debug|x64
		{648BDDCF-78F3-4143-A91A-72932DBB3448}.Debug|x86.ActiveCfg = Debug|x86
		{648BDDCF-78F3-4143-A91A-72932DBB3448}.Release|Any CPU.ActiveCfg = Release|x86
		{648BDDCF-78F3-4143-A91A-72932DBB3448}.Release|ARM.ActiveCfg = Release|x86
		{648BDDCF-78F3-4143-A91A-72932DBB3448}.Release|iPhone.ActiveCfg = Release|x86
		{648BDDCF-78F3-4143-A91A-72932DBB3448}.Release|iPhoneSimulator.ActiveCfg = Release|x86
		{648BDDCF-78F3-4143-A91A-72932DBB3448}.Release|x64.ActiveCfg = Release|x64
		{648BDDCF-78F3-4143-A91A-72932DBB3448}.Release|x64.Build.0 = Release|x64
		{648BDDCF-78F3-4143-A91A-72932DBB3448}.Release|x86.ActiveCfg = Release|x86
		{648BDDCF-78F3-4143-A91A-72932DBB3448}.Release|x86.Build.0 = Release|x86
		{9AC486C7-0F0A-41A9-A6D1-302716D91802}.Debug|Any CPU.ActiveCfg = Debug|Any CPU
		{9AC486C7-0F0A-41A9-A6D1-302716D91802}.Debug|Any CPU.Build.0 = Debug|Any CPU
		{9AC486C7-0F0A-41A9-A6D1-302716D91802}.Debug|Any CPU.Deploy.0 = Debug|Any CPU
		{9AC486C7-0F0A-41A9-A6D1-302716D91802}.Debug|ARM.ActiveCfg = Debug|Any CPU
		{9AC486C7-0F0A-41A9-A6D1-302716D91802}.Debug|ARM.Build.0 = Debug|Any CPU
		{9AC486C7-0F0A-41A9-A6D1-302716D91802}.Debug|ARM.Deploy.0 = Debug|Any CPU
		{9AC486C7-0F0A-41A9-A6D1-302716D91802}.Debug|iPhone.ActiveCfg = Debug|Any CPU
		{9AC486C7-0F0A-41A9-A6D1-302716D91802}.Debug|iPhone.Build.0 = Debug|Any CPU
		{9AC486C7-0F0A-41A9-A6D1-302716D91802}.Debug|iPhone.Deploy.0 = Debug|Any CPU
		{9AC486C7-0F0A-41A9-A6D1-302716D91802}.Debug|iPhoneSimulator.ActiveCfg = Debug|Any CPU
		{9AC486C7-0F0A-41A9-A6D1-302716D91802}.Debug|iPhoneSimulator.Build.0 = Debug|Any CPU
		{9AC486C7-0F0A-41A9-A6D1-302716D91802}.Debug|iPhoneSimulator.Deploy.0 = Debug|Any CPU
		{9AC486C7-0F0A-41A9-A6D1-302716D91802}.Debug|x64.ActiveCfg = Debug|Any CPU
		{9AC486C7-0F0A-41A9-A6D1-302716D91802}.Debug|x64.Build.0 = Debug|Any CPU
		{9AC486C7-0F0A-41A9-A6D1-302716D91802}.Debug|x64.Deploy.0 = Debug|Any CPU
		{9AC486C7-0F0A-41A9-A6D1-302716D91802}.Debug|x86.ActiveCfg = Debug|Any CPU
		{9AC486C7-0F0A-41A9-A6D1-302716D91802}.Debug|x86.Build.0 = Debug|Any CPU
		{9AC486C7-0F0A-41A9-A6D1-302716D91802}.Debug|x86.Deploy.0 = Debug|Any CPU
		{9AC486C7-0F0A-41A9-A6D1-302716D91802}.Release|Any CPU.ActiveCfg = Release|Any CPU
		{9AC486C7-0F0A-41A9-A6D1-302716D91802}.Release|Any CPU.Build.0 = Release|Any CPU
		{9AC486C7-0F0A-41A9-A6D1-302716D91802}.Release|Any CPU.Deploy.0 = Release|Any CPU
		{9AC486C7-0F0A-41A9-A6D1-302716D91802}.Release|ARM.ActiveCfg = Release|Any CPU
		{9AC486C7-0F0A-41A9-A6D1-302716D91802}.Release|ARM.Build.0 = Release|Any CPU
		{9AC486C7-0F0A-41A9-A6D1-302716D91802}.Release|ARM.Deploy.0 = Release|Any CPU
		{9AC486C7-0F0A-41A9-A6D1-302716D91802}.Release|iPhone.ActiveCfg = Release|Any CPU
		{9AC486C7-0F0A-41A9-A6D1-302716D91802}.Release|iPhone.Build.0 = Release|Any CPU
		{9AC486C7-0F0A-41A9-A6D1-302716D91802}.Release|iPhone.Deploy.0 = Release|Any CPU
		{9AC486C7-0F0A-41A9-A6D1-302716D91802}.Release|iPhoneSimulator.ActiveCfg = Release|Any CPU
		{9AC486C7-0F0A-41A9-A6D1-302716D91802}.Release|iPhoneSimulator.Build.0 = Release|Any CPU
		{9AC486C7-0F0A-41A9-A6D1-302716D91802}.Release|iPhoneSimulator.Deploy.0 = Release|Any CPU
		{9AC486C7-0F0A-41A9-A6D1-302716D91802}.Release|x64.ActiveCfg = Release|Any CPU
		{9AC486C7-0F0A-41A9-A6D1-302716D91802}.Release|x64.Build.0 = Release|Any CPU
		{9AC486C7-0F0A-41A9-A6D1-302716D91802}.Release|x64.Deploy.0 = Release|Any CPU
		{9AC486C7-0F0A-41A9-A6D1-302716D91802}.Release|x86.ActiveCfg = Release|Any CPU
		{9AC486C7-0F0A-41A9-A6D1-302716D91802}.Release|x86.Build.0 = Release|Any CPU
		{9AC486C7-0F0A-41A9-A6D1-302716D91802}.Release|x86.Deploy.0 = Release|Any CPU
		{72AEC742-9AA4-4B0F-B6E5-17FE2E45E8F2}.Debug|Any CPU.ActiveCfg = Debug|iPhone
		{72AEC742-9AA4-4B0F-B6E5-17FE2E45E8F2}.Debug|ARM.ActiveCfg = Debug|iPhone
		{72AEC742-9AA4-4B0F-B6E5-17FE2E45E8F2}.Debug|iPhone.ActiveCfg = Debug|iPhone
		{72AEC742-9AA4-4B0F-B6E5-17FE2E45E8F2}.Debug|iPhone.Build.0 = Debug|iPhone
		{72AEC742-9AA4-4B0F-B6E5-17FE2E45E8F2}.Debug|iPhoneSimulator.ActiveCfg = Debug|iPhoneSimulator
		{72AEC742-9AA4-4B0F-B6E5-17FE2E45E8F2}.Debug|iPhoneSimulator.Build.0 = Debug|iPhoneSimulator
		{72AEC742-9AA4-4B0F-B6E5-17FE2E45E8F2}.Debug|x64.ActiveCfg = Debug|iPhone
		{72AEC742-9AA4-4B0F-B6E5-17FE2E45E8F2}.Debug|x86.ActiveCfg = Debug|iPhone
		{72AEC742-9AA4-4B0F-B6E5-17FE2E45E8F2}.Release|Any CPU.ActiveCfg = Release|iPhone
		{72AEC742-9AA4-4B0F-B6E5-17FE2E45E8F2}.Release|ARM.ActiveCfg = Release|iPhone
		{72AEC742-9AA4-4B0F-B6E5-17FE2E45E8F2}.Release|iPhone.ActiveCfg = Release|iPhone
		{72AEC742-9AA4-4B0F-B6E5-17FE2E45E8F2}.Release|iPhone.Build.0 = Release|iPhone
		{72AEC742-9AA4-4B0F-B6E5-17FE2E45E8F2}.Release|iPhoneSimulator.ActiveCfg = Release|iPhoneSimulator
		{72AEC742-9AA4-4B0F-B6E5-17FE2E45E8F2}.Release|iPhoneSimulator.Build.0 = Release|iPhoneSimulator
		{72AEC742-9AA4-4B0F-B6E5-17FE2E45E8F2}.Release|x64.ActiveCfg = Release|iPhone
		{72AEC742-9AA4-4B0F-B6E5-17FE2E45E8F2}.Release|x86.ActiveCfg = Release|iPhone
		{78DDEF8F-2950-4081-B345-9C7D2B16BA3B}.Debug|Any CPU.ActiveCfg = Debug|x86
		{78DDEF8F-2950-4081-B345-9C7D2B16BA3B}.Debug|ARM.ActiveCfg = Debug|ARM
		{78DDEF8F-2950-4081-B345-9C7D2B16BA3B}.Debug|ARM.Build.0 = Debug|ARM
		{78DDEF8F-2950-4081-B345-9C7D2B16BA3B}.Debug|ARM.Deploy.0 = Debug|ARM
		{78DDEF8F-2950-4081-B345-9C7D2B16BA3B}.Debug|iPhone.ActiveCfg = Debug|x86
		{78DDEF8F-2950-4081-B345-9C7D2B16BA3B}.Debug|iPhoneSimulator.ActiveCfg = Debug|x86
		{78DDEF8F-2950-4081-B345-9C7D2B16BA3B}.Debug|x64.ActiveCfg = Debug|x64
		{78DDEF8F-2950-4081-B345-9C7D2B16BA3B}.Debug|x64.Build.0 = Debug|x64
		{78DDEF8F-2950-4081-B345-9C7D2B16BA3B}.Debug|x64.Deploy.0 = Debug|x64
		{78DDEF8F-2950-4081-B345-9C7D2B16BA3B}.Debug|x86.ActiveCfg = Debug|x86
		{78DDEF8F-2950-4081-B345-9C7D2B16BA3B}.Debug|x86.Build.0 = Debug|x86
		{78DDEF8F-2950-4081-B345-9C7D2B16BA3B}.Debug|x86.Deploy.0 = Debug|x86
		{78DDEF8F-2950-4081-B345-9C7D2B16BA3B}.Release|Any CPU.ActiveCfg = Release|x86
		{78DDEF8F-2950-4081-B345-9C7D2B16BA3B}.Release|ARM.ActiveCfg = Release|ARM
		{78DDEF8F-2950-4081-B345-9C7D2B16BA3B}.Release|ARM.Build.0 = Release|ARM
		{78DDEF8F-2950-4081-B345-9C7D2B16BA3B}.Release|ARM.Deploy.0 = Release|ARM
		{78DDEF8F-2950-4081-B345-9C7D2B16BA3B}.Release|iPhone.ActiveCfg = Release|x86
		{78DDEF8F-2950-4081-B345-9C7D2B16BA3B}.Release|iPhoneSimulator.ActiveCfg = Release|x86
		{78DDEF8F-2950-4081-B345-9C7D2B16BA3B}.Release|x64.ActiveCfg = Release|x64
		{78DDEF8F-2950-4081-B345-9C7D2B16BA3B}.Release|x64.Build.0 = Release|x64
		{78DDEF8F-2950-4081-B345-9C7D2B16BA3B}.Release|x64.Deploy.0 = Release|x64
		{78DDEF8F-2950-4081-B345-9C7D2B16BA3B}.Release|x86.ActiveCfg = Release|x86
		{78DDEF8F-2950-4081-B345-9C7D2B16BA3B}.Release|x86.Build.0 = Release|x86
		{78DDEF8F-2950-4081-B345-9C7D2B16BA3B}.Release|x86.Deploy.0 = Release|x86
	EndGlobalSection
	GlobalSection(SolutionProperties) = preSolution
		HideSolutionNode = FALSE
	EndGlobalSection
	GlobalSection(ExtensibilityGlobals) = postSolution
		SolutionGuid = {9DEC4883-22F5-43F7-8A6B-96835E597F2C}
	EndGlobalSection
EndGlobal
