
Microsoft Visual Studio Solution File, Format Version 12.00
# Visual Studio 15
VisualStudioVersion = 15.0.26730.12
MinimumVisualStudioVersion = 10.0.40219.1
Project("{FAE04EC0-301F-11D3-BF4B-00C04F79EFBC}") = "DnDAssistant.Wpf", "DnDAssistant.Wpf\DnDAssistant.Wpf.csproj", "{65575EDE-6FC7-4559-B369-D0C81F488EB9}"
EndProject
Project("{FAE04EC0-301F-11D3-BF4B-00C04F79EFBC}") = "DnDAssistant.Core", "DnDAssistant.Core\DnDAssistant.Core.csproj", "{FC905F7D-DA4A-46A4-B2CA-78CB93209C19}"
EndProject
Project("{FAE04EC0-301F-11D3-BF4B-00C04F79EFBC}") = "DnDAssistant.UnitTester", "DnDAssistant.UnitTester\DnDAssistant.UnitTester.csproj", "{40DC1186-4028-4D36-9E19-A472FA766C28}"
EndProject
Project("{930C7802-8A8C-48F9-8165-68863BCCD9DD}") = "DnDAssistant.Installer", "DnDAssistant.Installer\DnDAssistant.Installer.wixproj", "{648BDDCF-78F3-4143-A91A-72932DBB3448}"
EndProject
Project("{D954291E-2A0B-460D-934E-DC6B0785DB48}") = "DnDAssistant.Xamarin", "DnDAssistant.Xamarin\DnDAssistant.Xamarin\DnDAssistant.Xamarin.shproj", "{E7812F40-79FB-4C2A-9A1D-3418EED9B3BB}"
EndProject
Project("{FAE04EC0-301F-11D3-BF4B-00C04F79EFBC}") = "DnDAssistant.Xamarin.Android", "DnDAssistant.Xamarin\DnDAssistant.Xamarin.Android\DnDAssistant.Xamarin.Android.csproj", "{842C0509-DC1E-4FCD-9AC2-8CF1B8D5A55C}"
EndProject
Project("{FAE04EC0-301F-11D3-BF4B-00C04F79EFBC}") = "DnDAssistant.Xamarin.iOS", "DnDAssistant.Xamarin\DnDAssistant.Xamarin.iOS\DnDAssistant.Xamarin.iOS.csproj", "{1E94C244-EF1A-485A-BABE-97FA53402D9E}"
EndProject
Global
	GlobalSection(SharedMSBuildProjectFiles) = preSolution
		DnDAssistant.Xamarin\DnDAssistant.Xamarin\DnDAssistant.Xamarin.projitems*{1e94c244-ef1a-485a-babe-97fa53402d9e}*SharedItemsImports = 4
		DnDAssistant.Xamarin\DnDAssistant.Xamarin\DnDAssistant.Xamarin.projitems*{842c0509-dc1e-4fcd-9ac2-8cf1b8d5a55c}*SharedItemsImports = 4
		DnDAssistant.Xamarin\DnDAssistant.Xamarin\DnDAssistant.Xamarin.projitems*{e7812f40-79fb-4c2a-9a1d-3418eed9b3bb}*SharedItemsImports = 13
	EndGlobalSection
	GlobalSection(SolutionConfigurationPlatforms) = preSolution
		Ad-Hoc|Any CPU = Ad-Hoc|Any CPU
		Ad-Hoc|ARM = Ad-Hoc|ARM
		Ad-Hoc|iPhone = Ad-Hoc|iPhone
		Ad-Hoc|iPhoneSimulator = Ad-Hoc|iPhoneSimulator
		Ad-Hoc|x64 = Ad-Hoc|x64
		Ad-Hoc|x86 = Ad-Hoc|x86
		AppStore|Any CPU = AppStore|Any CPU
		AppStore|ARM = AppStore|ARM
		AppStore|iPhone = AppStore|iPhone
		AppStore|iPhoneSimulator = AppStore|iPhoneSimulator
		AppStore|x64 = AppStore|x64
		AppStore|x86 = AppStore|x86
		Debug|Any CPU = Debug|Any CPU
		Debug|ARM = Debug|ARM
		Debug|iPhone = Debug|iPhone
		Debug|iPhoneSimulator = Debug|iPhoneSimulator
		Debug|x64 = Debug|x64
		Debug|x86 = Debug|x86
		Release|Any CPU = Release|Any CPU
		Release|ARM = Release|ARM
		Release|iPhone = Release|iPhone
		Release|iPhoneSimulator = Release|iPhoneSimulator
		Release|x64 = Release|x64
		Release|x86 = Release|x86
	EndGlobalSection
	GlobalSection(ProjectConfigurationPlatforms) = postSolution
		{65575EDE-6FC7-4559-B369-D0C81F488EB9}.Ad-Hoc|Any CPU.ActiveCfg = Release|Any CPU
		{65575EDE-6FC7-4559-B369-D0C81F488EB9}.Ad-Hoc|Any CPU.Build.0 = Release|Any CPU
		{65575EDE-6FC7-4559-B369-D0C81F488EB9}.Ad-Hoc|ARM.ActiveCfg = Release|Any CPU
		{65575EDE-6FC7-4559-B369-D0C81F488EB9}.Ad-Hoc|ARM.Build.0 = Release|Any CPU
		{65575EDE-6FC7-4559-B369-D0C81F488EB9}.Ad-Hoc|iPhone.ActiveCfg = Release|Any CPU
		{65575EDE-6FC7-4559-B369-D0C81F488EB9}.Ad-Hoc|iPhone.Build.0 = Release|Any CPU
		{65575EDE-6FC7-4559-B369-D0C81F488EB9}.Ad-Hoc|iPhoneSimulator.ActiveCfg = Release|Any CPU
		{65575EDE-6FC7-4559-B369-D0C81F488EB9}.Ad-Hoc|iPhoneSimulator.Build.0 = Release|Any CPU
		{65575EDE-6FC7-4559-B369-D0C81F488EB9}.Ad-Hoc|x64.ActiveCfg = Debug|x64
		{65575EDE-6FC7-4559-B369-D0C81F488EB9}.Ad-Hoc|x64.Build.0 = Debug|x64
		{65575EDE-6FC7-4559-B369-D0C81F488EB9}.Ad-Hoc|x86.ActiveCfg = Release|Any CPU
		{65575EDE-6FC7-4559-B369-D0C81F488EB9}.Ad-Hoc|x86.Build.0 = Release|Any CPU
		{65575EDE-6FC7-4559-B369-D0C81F488EB9}.AppStore|Any CPU.ActiveCfg = Release|Any CPU
		{65575EDE-6FC7-4559-B369-D0C81F488EB9}.AppStore|Any CPU.Build.0 = Release|Any CPU
		{65575EDE-6FC7-4559-B369-D0C81F488EB9}.AppStore|ARM.ActiveCfg = Release|Any CPU
		{65575EDE-6FC7-4559-B369-D0C81F488EB9}.AppStore|ARM.Build.0 = Release|Any CPU
		{65575EDE-6FC7-4559-B369-D0C81F488EB9}.AppStore|iPhone.ActiveCfg = Release|Any CPU
		{65575EDE-6FC7-4559-B369-D0C81F488EB9}.AppStore|iPhone.Build.0 = Release|Any CPU
		{65575EDE-6FC7-4559-B369-D0C81F488EB9}.AppStore|iPhoneSimulator.ActiveCfg = Release|Any CPU
		{65575EDE-6FC7-4559-B369-D0C81F488EB9}.AppStore|iPhoneSimulator.Build.0 = Release|Any CPU
		{65575EDE-6FC7-4559-B369-D0C81F488EB9}.AppStore|x64.ActiveCfg = Debug|x64
		{65575EDE-6FC7-4559-B369-D0C81F488EB9}.AppStore|x64.Build.0 = Debug|x64
		{65575EDE-6FC7-4559-B369-D0C81F488EB9}.AppStore|x86.ActiveCfg = Release|Any CPU
		{65575EDE-6FC7-4559-B369-D0C81F488EB9}.AppStore|x86.Build.0 = Release|Any CPU
		{65575EDE-6FC7-4559-B369-D0C81F488EB9}.Debug|Any CPU.ActiveCfg = Debug|Any CPU
		{65575EDE-6FC7-4559-B369-D0C81F488EB9}.Debug|Any CPU.Build.0 = Debug|Any CPU
		{65575EDE-6FC7-4559-B369-D0C81F488EB9}.Debug|ARM.ActiveCfg = Debug|Any CPU
		{65575EDE-6FC7-4559-B369-D0C81F488EB9}.Debug|ARM.Build.0 = Debug|Any CPU
		{65575EDE-6FC7-4559-B369-D0C81F488EB9}.Debug|iPhone.ActiveCfg = Debug|Any CPU
		{65575EDE-6FC7-4559-B369-D0C81F488EB9}.Debug|iPhone.Build.0 = Debug|Any CPU
		{65575EDE-6FC7-4559-B369-D0C81F488EB9}.Debug|iPhoneSimulator.ActiveCfg = Debug|Any CPU
		{65575EDE-6FC7-4559-B369-D0C81F488EB9}.Debug|iPhoneSimulator.Build.0 = Debug|Any CPU
		{65575EDE-6FC7-4559-B369-D0C81F488EB9}.Debug|x64.ActiveCfg = Debug|Any CPU
		{65575EDE-6FC7-4559-B369-D0C81F488EB9}.Debug|x64.Build.0 = Debug|Any CPU
		{65575EDE-6FC7-4559-B369-D0C81F488EB9}.Debug|x86.ActiveCfg = Debug|Any CPU
		{65575EDE-6FC7-4559-B369-D0C81F488EB9}.Debug|x86.Build.0 = Debug|Any CPU
		{65575EDE-6FC7-4559-B369-D0C81F488EB9}.Release|Any CPU.ActiveCfg = Release|Any CPU
		{65575EDE-6FC7-4559-B369-D0C81F488EB9}.Release|Any CPU.Build.0 = Release|Any CPU
		{65575EDE-6FC7-4559-B369-D0C81F488EB9}.Release|ARM.ActiveCfg = Release|Any CPU
		{65575EDE-6FC7-4559-B369-D0C81F488EB9}.Release|ARM.Build.0 = Release|Any CPU
		{65575EDE-6FC7-4559-B369-D0C81F488EB9}.Release|iPhone.ActiveCfg = Release|Any CPU
		{65575EDE-6FC7-4559-B369-D0C81F488EB9}.Release|iPhone.Build.0 = Release|Any CPU
		{65575EDE-6FC7-4559-B369-D0C81F488EB9}.Release|iPhoneSimulator.ActiveCfg = Release|Any CPU
		{65575EDE-6FC7-4559-B369-D0C81F488EB9}.Release|iPhoneSimulator.Build.0 = Release|Any CPU
		{65575EDE-6FC7-4559-B369-D0C81F488EB9}.Release|x64.ActiveCfg = Release|x64
		{65575EDE-6FC7-4559-B369-D0C81F488EB9}.Release|x64.Build.0 = Release|x64
		{65575EDE-6FC7-4559-B369-D0C81F488EB9}.Release|x86.ActiveCfg = Release|Any CPU
		{65575EDE-6FC7-4559-B369-D0C81F488EB9}.Release|x86.Build.0 = Release|Any CPU
		{FC905F7D-DA4A-46A4-B2CA-78CB93209C19}.Ad-Hoc|Any CPU.ActiveCfg = Release|Any CPU
		{FC905F7D-DA4A-46A4-B2CA-78CB93209C19}.Ad-Hoc|Any CPU.Build.0 = Release|Any CPU
		{FC905F7D-DA4A-46A4-B2CA-78CB93209C19}.Ad-Hoc|ARM.ActiveCfg = Release|Any CPU
		{FC905F7D-DA4A-46A4-B2CA-78CB93209C19}.Ad-Hoc|ARM.Build.0 = Release|Any CPU
		{FC905F7D-DA4A-46A4-B2CA-78CB93209C19}.Ad-Hoc|iPhone.ActiveCfg = Release|Any CPU
		{FC905F7D-DA4A-46A4-B2CA-78CB93209C19}.Ad-Hoc|iPhone.Build.0 = Release|Any CPU
		{FC905F7D-DA4A-46A4-B2CA-78CB93209C19}.Ad-Hoc|iPhoneSimulator.ActiveCfg = Release|Any CPU
		{FC905F7D-DA4A-46A4-B2CA-78CB93209C19}.Ad-Hoc|iPhoneSimulator.Build.0 = Release|Any CPU
		{FC905F7D-DA4A-46A4-B2CA-78CB93209C19}.Ad-Hoc|x64.ActiveCfg = Debug|x64
		{FC905F7D-DA4A-46A4-B2CA-78CB93209C19}.Ad-Hoc|x64.Build.0 = Debug|x64
		{FC905F7D-DA4A-46A4-B2CA-78CB93209C19}.Ad-Hoc|x86.ActiveCfg = Release|Any CPU
		{FC905F7D-DA4A-46A4-B2CA-78CB93209C19}.Ad-Hoc|x86.Build.0 = Release|Any CPU
		{FC905F7D-DA4A-46A4-B2CA-78CB93209C19}.AppStore|Any CPU.ActiveCfg = Release|Any CPU
		{FC905F7D-DA4A-46A4-B2CA-78CB93209C19}.AppStore|Any CPU.Build.0 = Release|Any CPU
		{FC905F7D-DA4A-46A4-B2CA-78CB93209C19}.AppStore|ARM.ActiveCfg = Release|Any CPU
		{FC905F7D-DA4A-46A4-B2CA-78CB93209C19}.AppStore|ARM.Build.0 = Release|Any CPU
		{FC905F7D-DA4A-46A4-B2CA-78CB93209C19}.AppStore|iPhone.ActiveCfg = Release|Any CPU
		{FC905F7D-DA4A-46A4-B2CA-78CB93209C19}.AppStore|iPhone.Build.0 = Release|Any CPU
		{FC905F7D-DA4A-46A4-B2CA-78CB93209C19}.AppStore|iPhoneSimulator.ActiveCfg = Release|Any CPU
		{FC905F7D-DA4A-46A4-B2CA-78CB93209C19}.AppStore|iPhoneSimulator.Build.0 = Release|Any CPU
		{FC905F7D-DA4A-46A4-B2CA-78CB93209C19}.AppStore|x64.ActiveCfg = Debug|x64
		{FC905F7D-DA4A-46A4-B2CA-78CB93209C19}.AppStore|x64.Build.0 = Debug|x64
		{FC905F7D-DA4A-46A4-B2CA-78CB93209C19}.AppStore|x86.ActiveCfg = Release|Any CPU
		{FC905F7D-DA4A-46A4-B2CA-78CB93209C19}.AppStore|x86.Build.0 = Release|Any CPU
		{FC905F7D-DA4A-46A4-B2CA-78CB93209C19}.Debug|Any CPU.ActiveCfg = Debug|Any CPU
		{FC905F7D-DA4A-46A4-B2CA-78CB93209C19}.Debug|Any CPU.Build.0 = Debug|Any CPU
		{FC905F7D-DA4A-46A4-B2CA-78CB93209C19}.Debug|ARM.ActiveCfg = Debug|Any CPU
		{FC905F7D-DA4A-46A4-B2CA-78CB93209C19}.Debug|ARM.Build.0 = Debug|Any CPU
		{FC905F7D-DA4A-46A4-B2CA-78CB93209C19}.Debug|iPhone.ActiveCfg = Debug|Any CPU
		{FC905F7D-DA4A-46A4-B2CA-78CB93209C19}.Debug|iPhone.Build.0 = Debug|Any CPU
		{FC905F7D-DA4A-46A4-B2CA-78CB93209C19}.Debug|iPhoneSimulator.ActiveCfg = Debug|Any CPU
		{FC905F7D-DA4A-46A4-B2CA-78CB93209C19}.Debug|iPhoneSimulator.Build.0 = Debug|Any CPU
		{FC905F7D-DA4A-46A4-B2CA-78CB93209C19}.Debug|x64.ActiveCfg = Debug|Any CPU
		{FC905F7D-DA4A-46A4-B2CA-78CB93209C19}.Debug|x64.Build.0 = Debug|Any CPU
		{FC905F7D-DA4A-46A4-B2CA-78CB93209C19}.Debug|x86.ActiveCfg = Debug|Any CPU
		{FC905F7D-DA4A-46A4-B2CA-78CB93209C19}.Debug|x86.Build.0 = Debug|Any CPU
		{FC905F7D-DA4A-46A4-B2CA-78CB93209C19}.Release|Any CPU.ActiveCfg = Release|Any CPU
		{FC905F7D-DA4A-46A4-B2CA-78CB93209C19}.Release|Any CPU.Build.0 = Release|Any CPU
		{FC905F7D-DA4A-46A4-B2CA-78CB93209C19}.Release|ARM.ActiveCfg = Release|Any CPU
		{FC905F7D-DA4A-46A4-B2CA-78CB93209C19}.Release|ARM.Build.0 = Release|Any CPU
		{FC905F7D-DA4A-46A4-B2CA-78CB93209C19}.Release|iPhone.ActiveCfg = Release|Any CPU
		{FC905F7D-DA4A-46A4-B2CA-78CB93209C19}.Release|iPhone.Build.0 = Release|Any CPU
		{FC905F7D-DA4A-46A4-B2CA-78CB93209C19}.Release|iPhoneSimulator.ActiveCfg = Release|Any CPU
		{FC905F7D-DA4A-46A4-B2CA-78CB93209C19}.Release|iPhoneSimulator.Build.0 = Release|Any CPU
		{FC905F7D-DA4A-46A4-B2CA-78CB93209C19}.Release|x64.ActiveCfg = Release|x64
		{FC905F7D-DA4A-46A4-B2CA-78CB93209C19}.Release|x64.Build.0 = Release|x64
		{FC905F7D-DA4A-46A4-B2CA-78CB93209C19}.Release|x86.ActiveCfg = Release|Any CPU
		{FC905F7D-DA4A-46A4-B2CA-78CB93209C19}.Release|x86.Build.0 = Release|Any CPU
		{40DC1186-4028-4D36-9E19-A472FA766C28}.Ad-Hoc|Any CPU.ActiveCfg = Release|Any CPU
		{40DC1186-4028-4D36-9E19-A472FA766C28}.Ad-Hoc|Any CPU.Build.0 = Release|Any CPU
		{40DC1186-4028-4D36-9E19-A472FA766C28}.Ad-Hoc|ARM.ActiveCfg = Release|Any CPU
		{40DC1186-4028-4D36-9E19-A472FA766C28}.Ad-Hoc|ARM.Build.0 = Release|Any CPU
		{40DC1186-4028-4D36-9E19-A472FA766C28}.Ad-Hoc|iPhone.ActiveCfg = Release|Any CPU
		{40DC1186-4028-4D36-9E19-A472FA766C28}.Ad-Hoc|iPhone.Build.0 = Release|Any CPU
		{40DC1186-4028-4D36-9E19-A472FA766C28}.Ad-Hoc|iPhoneSimulator.ActiveCfg = Release|Any CPU
		{40DC1186-4028-4D36-9E19-A472FA766C28}.Ad-Hoc|iPhoneSimulator.Build.0 = Release|Any CPU
		{40DC1186-4028-4D36-9E19-A472FA766C28}.Ad-Hoc|x64.ActiveCfg = Debug|x64
		{40DC1186-4028-4D36-9E19-A472FA766C28}.Ad-Hoc|x64.Build.0 = Debug|x64
		{40DC1186-4028-4D36-9E19-A472FA766C28}.Ad-Hoc|x86.ActiveCfg = Release|Any CPU
		{40DC1186-4028-4D36-9E19-A472FA766C28}.Ad-Hoc|x86.Build.0 = Release|Any CPU
		{40DC1186-4028-4D36-9E19-A472FA766C28}.AppStore|Any CPU.ActiveCfg = Release|Any CPU
		{40DC1186-4028-4D36-9E19-A472FA766C28}.AppStore|Any CPU.Build.0 = Release|Any CPU
		{40DC1186-4028-4D36-9E19-A472FA766C28}.AppStore|ARM.ActiveCfg = Release|Any CPU
		{40DC1186-4028-4D36-9E19-A472FA766C28}.AppStore|ARM.Build.0 = Release|Any CPU
		{40DC1186-4028-4D36-9E19-A472FA766C28}.AppStore|iPhone.ActiveCfg = Release|Any CPU
		{40DC1186-4028-4D36-9E19-A472FA766C28}.AppStore|iPhone.Build.0 = Release|Any CPU
		{40DC1186-4028-4D36-9E19-A472FA766C28}.AppStore|iPhoneSimulator.ActiveCfg = Release|Any CPU
		{40DC1186-4028-4D36-9E19-A472FA766C28}.AppStore|iPhoneSimulator.Build.0 = Release|Any CPU
		{40DC1186-4028-4D36-9E19-A472FA766C28}.AppStore|x64.ActiveCfg = Debug|x64
		{40DC1186-4028-4D36-9E19-A472FA766C28}.AppStore|x64.Build.0 = Debug|x64
		{40DC1186-4028-4D36-9E19-A472FA766C28}.AppStore|x86.ActiveCfg = Release|Any CPU
		{40DC1186-4028-4D36-9E19-A472FA766C28}.AppStore|x86.Build.0 = Release|Any CPU
		{40DC1186-4028-4D36-9E19-A472FA766C28}.Debug|Any CPU.ActiveCfg = Debug|Any CPU
		{40DC1186-4028-4D36-9E19-A472FA766C28}.Debug|Any CPU.Build.0 = Debug|Any CPU
		{40DC1186-4028-4D36-9E19-A472FA766C28}.Debug|ARM.ActiveCfg = Debug|Any CPU
		{40DC1186-4028-4D36-9E19-A472FA766C28}.Debug|ARM.Build.0 = Debug|Any CPU
		{40DC1186-4028-4D36-9E19-A472FA766C28}.Debug|iPhone.ActiveCfg = Debug|Any CPU
		{40DC1186-4028-4D36-9E19-A472FA766C28}.Debug|iPhone.Build.0 = Debug|Any CPU
		{40DC1186-4028-4D36-9E19-A472FA766C28}.Debug|iPhoneSimulator.ActiveCfg = Debug|Any CPU
		{40DC1186-4028-4D36-9E19-A472FA766C28}.Debug|iPhoneSimulator.Build.0 = Debug|Any CPU
		{40DC1186-4028-4D36-9E19-A472FA766C28}.Debug|x64.ActiveCfg = Debug|Any CPU
		{40DC1186-4028-4D36-9E19-A472FA766C28}.Debug|x64.Build.0 = Debug|Any CPU
		{40DC1186-4028-4D36-9E19-A472FA766C28}.Debug|x86.ActiveCfg = Debug|Any CPU
		{40DC1186-4028-4D36-9E19-A472FA766C28}.Debug|x86.Build.0 = Debug|Any CPU
		{40DC1186-4028-4D36-9E19-A472FA766C28}.Release|Any CPU.ActiveCfg = Release|Any CPU
		{40DC1186-4028-4D36-9E19-A472FA766C28}.Release|Any CPU.Build.0 = Release|Any CPU
		{40DC1186-4028-4D36-9E19-A472FA766C28}.Release|ARM.ActiveCfg = Release|Any CPU
		{40DC1186-4028-4D36-9E19-A472FA766C28}.Release|ARM.Build.0 = Release|Any CPU
		{40DC1186-4028-4D36-9E19-A472FA766C28}.Release|iPhone.ActiveCfg = Release|Any CPU
		{40DC1186-4028-4D36-9E19-A472FA766C28}.Release|iPhone.Build.0 = Release|Any CPU
		{40DC1186-4028-4D36-9E19-A472FA766C28}.Release|iPhoneSimulator.ActiveCfg = Release|Any CPU
		{40DC1186-4028-4D36-9E19-A472FA766C28}.Release|iPhoneSimulator.Build.0 = Release|Any CPU
		{40DC1186-4028-4D36-9E19-A472FA766C28}.Release|x64.ActiveCfg = Release|x64
		{40DC1186-4028-4D36-9E19-A472FA766C28}.Release|x64.Build.0 = Release|x64
		{40DC1186-4028-4D36-9E19-A472FA766C28}.Release|x86.ActiveCfg = Release|Any CPU
		{40DC1186-4028-4D36-9E19-A472FA766C28}.Release|x86.Build.0 = Release|Any CPU
		{648BDDCF-78F3-4143-A91A-72932DBB3448}.Ad-Hoc|Any CPU.ActiveCfg = Release|x64
		{648BDDCF-78F3-4143-A91A-72932DBB3448}.Ad-Hoc|Any CPU.Build.0 = Release|x64
		{648BDDCF-78F3-4143-A91A-72932DBB3448}.Ad-Hoc|ARM.ActiveCfg = Release|x64
		{648BDDCF-78F3-4143-A91A-72932DBB3448}.Ad-Hoc|ARM.Build.0 = Release|x64
		{648BDDCF-78F3-4143-A91A-72932DBB3448}.Ad-Hoc|iPhone.ActiveCfg = Release|x64
		{648BDDCF-78F3-4143-A91A-72932DBB3448}.Ad-Hoc|iPhone.Build.0 = Release|x64
		{648BDDCF-78F3-4143-A91A-72932DBB3448}.Ad-Hoc|iPhoneSimulator.ActiveCfg = Release|x64
		{648BDDCF-78F3-4143-A91A-72932DBB3448}.Ad-Hoc|iPhoneSimulator.Build.0 = Release|x64
		{648BDDCF-78F3-4143-A91A-72932DBB3448}.Ad-Hoc|x64.ActiveCfg = Release|x64
		{648BDDCF-78F3-4143-A91A-72932DBB3448}.Ad-Hoc|x64.Build.0 = Release|x64
		{648BDDCF-78F3-4143-A91A-72932DBB3448}.Ad-Hoc|x86.ActiveCfg = Release|x86
		{648BDDCF-78F3-4143-A91A-72932DBB3448}.Ad-Hoc|x86.Build.0 = Release|x86
		{648BDDCF-78F3-4143-A91A-72932DBB3448}.AppStore|Any CPU.ActiveCfg = Release|x64
		{648BDDCF-78F3-4143-A91A-72932DBB3448}.AppStore|Any CPU.Build.0 = Release|x64
		{648BDDCF-78F3-4143-A91A-72932DBB3448}.AppStore|ARM.ActiveCfg = Release|x64
		{648BDDCF-78F3-4143-A91A-72932DBB3448}.AppStore|ARM.Build.0 = Release|x64
		{648BDDCF-78F3-4143-A91A-72932DBB3448}.AppStore|iPhone.ActiveCfg = Release|x64
		{648BDDCF-78F3-4143-A91A-72932DBB3448}.AppStore|iPhone.Build.0 = Release|x64
		{648BDDCF-78F3-4143-A91A-72932DBB3448}.AppStore|iPhoneSimulator.ActiveCfg = Release|x64
		{648BDDCF-78F3-4143-A91A-72932DBB3448}.AppStore|iPhoneSimulator.Build.0 = Release|x64
		{648BDDCF-78F3-4143-A91A-72932DBB3448}.AppStore|x64.ActiveCfg = Release|x64
		{648BDDCF-78F3-4143-A91A-72932DBB3448}.AppStore|x64.Build.0 = Release|x64
		{648BDDCF-78F3-4143-A91A-72932DBB3448}.AppStore|x86.ActiveCfg = Release|x86
		{648BDDCF-78F3-4143-A91A-72932DBB3448}.AppStore|x86.Build.0 = Release|x86
		{648BDDCF-78F3-4143-A91A-72932DBB3448}.Debug|Any CPU.ActiveCfg = Debug|x86
		{648BDDCF-78F3-4143-A91A-72932DBB3448}.Debug|ARM.ActiveCfg = Debug|x86
		{648BDDCF-78F3-4143-A91A-72932DBB3448}.Debug|iPhone.ActiveCfg = Debug|x86
		{648BDDCF-78F3-4143-A91A-72932DBB3448}.Debug|iPhoneSimulator.ActiveCfg = Debug|x86
		{648BDDCF-78F3-4143-A91A-72932DBB3448}.Debug|x64.ActiveCfg = Debug|x64
		{648BDDCF-78F3-4143-A91A-72932DBB3448}.Debug|x86.ActiveCfg = Debug|x86
		{648BDDCF-78F3-4143-A91A-72932DBB3448}.Release|Any CPU.ActiveCfg = Release|x86
		{648BDDCF-78F3-4143-A91A-72932DBB3448}.Release|ARM.ActiveCfg = Release|x86
		{648BDDCF-78F3-4143-A91A-72932DBB3448}.Release|iPhone.ActiveCfg = Release|x86
		{648BDDCF-78F3-4143-A91A-72932DBB3448}.Release|iPhoneSimulator.ActiveCfg = Release|x86
		{648BDDCF-78F3-4143-A91A-72932DBB3448}.Release|x64.ActiveCfg = Release|x64
		{648BDDCF-78F3-4143-A91A-72932DBB3448}.Release|x64.Build.0 = Release|x64
		{648BDDCF-78F3-4143-A91A-72932DBB3448}.Release|x86.ActiveCfg = Release|x86
		{648BDDCF-78F3-4143-A91A-72932DBB3448}.Release|x86.Build.0 = Release|x86
		{842C0509-DC1E-4FCD-9AC2-8CF1B8D5A55C}.Ad-Hoc|Any CPU.ActiveCfg = Release|Any CPU
		{842C0509-DC1E-4FCD-9AC2-8CF1B8D5A55C}.Ad-Hoc|Any CPU.Build.0 = Release|Any CPU
		{842C0509-DC1E-4FCD-9AC2-8CF1B8D5A55C}.Ad-Hoc|Any CPU.Deploy.0 = Release|Any CPU
		{842C0509-DC1E-4FCD-9AC2-8CF1B8D5A55C}.Ad-Hoc|ARM.ActiveCfg = Release|Any CPU
		{842C0509-DC1E-4FCD-9AC2-8CF1B8D5A55C}.Ad-Hoc|ARM.Build.0 = Release|Any CPU
		{842C0509-DC1E-4FCD-9AC2-8CF1B8D5A55C}.Ad-Hoc|ARM.Deploy.0 = Release|Any CPU
		{842C0509-DC1E-4FCD-9AC2-8CF1B8D5A55C}.Ad-Hoc|iPhone.ActiveCfg = Release|Any CPU
		{842C0509-DC1E-4FCD-9AC2-8CF1B8D5A55C}.Ad-Hoc|iPhone.Build.0 = Release|Any CPU
		{842C0509-DC1E-4FCD-9AC2-8CF1B8D5A55C}.Ad-Hoc|iPhone.Deploy.0 = Release|Any CPU
		{842C0509-DC1E-4FCD-9AC2-8CF1B8D5A55C}.Ad-Hoc|iPhoneSimulator.ActiveCfg = Release|Any CPU
		{842C0509-DC1E-4FCD-9AC2-8CF1B8D5A55C}.Ad-Hoc|iPhoneSimulator.Build.0 = Release|Any CPU
		{842C0509-DC1E-4FCD-9AC2-8CF1B8D5A55C}.Ad-Hoc|iPhoneSimulator.Deploy.0 = Release|Any CPU
		{842C0509-DC1E-4FCD-9AC2-8CF1B8D5A55C}.Ad-Hoc|x64.ActiveCfg = Release|Any CPU
		{842C0509-DC1E-4FCD-9AC2-8CF1B8D5A55C}.Ad-Hoc|x64.Build.0 = Release|Any CPU
		{842C0509-DC1E-4FCD-9AC2-8CF1B8D5A55C}.Ad-Hoc|x64.Deploy.0 = Release|Any CPU
		{842C0509-DC1E-4FCD-9AC2-8CF1B8D5A55C}.Ad-Hoc|x86.ActiveCfg = Release|Any CPU
		{842C0509-DC1E-4FCD-9AC2-8CF1B8D5A55C}.Ad-Hoc|x86.Build.0 = Release|Any CPU
		{842C0509-DC1E-4FCD-9AC2-8CF1B8D5A55C}.Ad-Hoc|x86.Deploy.0 = Release|Any CPU
		{842C0509-DC1E-4FCD-9AC2-8CF1B8D5A55C}.AppStore|Any CPU.ActiveCfg = Release|Any CPU
		{842C0509-DC1E-4FCD-9AC2-8CF1B8D5A55C}.AppStore|Any CPU.Build.0 = Release|Any CPU
		{842C0509-DC1E-4FCD-9AC2-8CF1B8D5A55C}.AppStore|Any CPU.Deploy.0 = Release|Any CPU
		{842C0509-DC1E-4FCD-9AC2-8CF1B8D5A55C}.AppStore|ARM.ActiveCfg = Release|Any CPU
		{842C0509-DC1E-4FCD-9AC2-8CF1B8D5A55C}.AppStore|ARM.Build.0 = Release|Any CPU
		{842C0509-DC1E-4FCD-9AC2-8CF1B8D5A55C}.AppStore|ARM.Deploy.0 = Release|Any CPU
		{842C0509-DC1E-4FCD-9AC2-8CF1B8D5A55C}.AppStore|iPhone.ActiveCfg = Release|Any CPU
		{842C0509-DC1E-4FCD-9AC2-8CF1B8D5A55C}.AppStore|iPhone.Build.0 = Release|Any CPU
		{842C0509-DC1E-4FCD-9AC2-8CF1B8D5A55C}.AppStore|iPhone.Deploy.0 = Release|Any CPU
		{842C0509-DC1E-4FCD-9AC2-8CF1B8D5A55C}.AppStore|iPhoneSimulator.ActiveCfg = Release|Any CPU
		{842C0509-DC1E-4FCD-9AC2-8CF1B8D5A55C}.AppStore|iPhoneSimulator.Build.0 = Release|Any CPU
		{842C0509-DC1E-4FCD-9AC2-8CF1B8D5A55C}.AppStore|iPhoneSimulator.Deploy.0 = Release|Any CPU
		{842C0509-DC1E-4FCD-9AC2-8CF1B8D5A55C}.AppStore|x64.ActiveCfg = Release|Any CPU
		{842C0509-DC1E-4FCD-9AC2-8CF1B8D5A55C}.AppStore|x64.Build.0 = Release|Any CPU
		{842C0509-DC1E-4FCD-9AC2-8CF1B8D5A55C}.AppStore|x64.Deploy.0 = Release|Any CPU
		{842C0509-DC1E-4FCD-9AC2-8CF1B8D5A55C}.AppStore|x86.ActiveCfg = Release|Any CPU
		{842C0509-DC1E-4FCD-9AC2-8CF1B8D5A55C}.AppStore|x86.Build.0 = Release|Any CPU
		{842C0509-DC1E-4FCD-9AC2-8CF1B8D5A55C}.AppStore|x86.Deploy.0 = Release|Any CPU
		{842C0509-DC1E-4FCD-9AC2-8CF1B8D5A55C}.Debug|Any CPU.ActiveCfg = Debug|Any CPU
		{842C0509-DC1E-4FCD-9AC2-8CF1B8D5A55C}.Debug|Any CPU.Build.0 = Debug|Any CPU
		{842C0509-DC1E-4FCD-9AC2-8CF1B8D5A55C}.Debug|Any CPU.Deploy.0 = Debug|Any CPU
		{842C0509-DC1E-4FCD-9AC2-8CF1B8D5A55C}.Debug|ARM.ActiveCfg = Debug|Any CPU
		{842C0509-DC1E-4FCD-9AC2-8CF1B8D5A55C}.Debug|ARM.Build.0 = Debug|Any CPU
		{842C0509-DC1E-4FCD-9AC2-8CF1B8D5A55C}.Debug|ARM.Deploy.0 = Debug|Any CPU
		{842C0509-DC1E-4FCD-9AC2-8CF1B8D5A55C}.Debug|iPhone.ActiveCfg = Debug|Any CPU
		{842C0509-DC1E-4FCD-9AC2-8CF1B8D5A55C}.Debug|iPhone.Build.0 = Debug|Any CPU
		{842C0509-DC1E-4FCD-9AC2-8CF1B8D5A55C}.Debug|iPhone.Deploy.0 = Debug|Any CPU
		{842C0509-DC1E-4FCD-9AC2-8CF1B8D5A55C}.Debug|iPhoneSimulator.ActiveCfg = Debug|Any CPU
		{842C0509-DC1E-4FCD-9AC2-8CF1B8D5A55C}.Debug|iPhoneSimulator.Build.0 = Debug|Any CPU
		{842C0509-DC1E-4FCD-9AC2-8CF1B8D5A55C}.Debug|iPhoneSimulator.Deploy.0 = Debug|Any CPU
		{842C0509-DC1E-4FCD-9AC2-8CF1B8D5A55C}.Debug|x64.ActiveCfg = Debug|Any CPU
		{842C0509-DC1E-4FCD-9AC2-8CF1B8D5A55C}.Debug|x64.Build.0 = Debug|Any CPU
		{842C0509-DC1E-4FCD-9AC2-8CF1B8D5A55C}.Debug|x64.Deploy.0 = Debug|Any CPU
		{842C0509-DC1E-4FCD-9AC2-8CF1B8D5A55C}.Debug|x86.ActiveCfg = Debug|Any CPU
		{842C0509-DC1E-4FCD-9AC2-8CF1B8D5A55C}.Debug|x86.Build.0 = Debug|Any CPU
		{842C0509-DC1E-4FCD-9AC2-8CF1B8D5A55C}.Debug|x86.Deploy.0 = Debug|Any CPU
		{842C0509-DC1E-4FCD-9AC2-8CF1B8D5A55C}.Release|Any CPU.ActiveCfg = Release|Any CPU
		{842C0509-DC1E-4FCD-9AC2-8CF1B8D5A55C}.Release|Any CPU.Build.0 = Release|Any CPU
		{842C0509-DC1E-4FCD-9AC2-8CF1B8D5A55C}.Release|Any CPU.Deploy.0 = Release|Any CPU
		{842C0509-DC1E-4FCD-9AC2-8CF1B8D5A55C}.Release|ARM.ActiveCfg = Release|Any CPU
		{842C0509-DC1E-4FCD-9AC2-8CF1B8D5A55C}.Release|ARM.Build.0 = Release|Any CPU
		{842C0509-DC1E-4FCD-9AC2-8CF1B8D5A55C}.Release|ARM.Deploy.0 = Release|Any CPU
		{842C0509-DC1E-4FCD-9AC2-8CF1B8D5A55C}.Release|iPhone.ActiveCfg = Release|Any CPU
		{842C0509-DC1E-4FCD-9AC2-8CF1B8D5A55C}.Release|iPhone.Build.0 = Release|Any CPU
		{842C0509-DC1E-4FCD-9AC2-8CF1B8D5A55C}.Release|iPhone.Deploy.0 = Release|Any CPU
		{842C0509-DC1E-4FCD-9AC2-8CF1B8D5A55C}.Release|iPhoneSimulator.ActiveCfg = Release|Any CPU
		{842C0509-DC1E-4FCD-9AC2-8CF1B8D5A55C}.Release|iPhoneSimulator.Build.0 = Release|Any CPU
		{842C0509-DC1E-4FCD-9AC2-8CF1B8D5A55C}.Release|iPhoneSimulator.Deploy.0 = Release|Any CPU
		{842C0509-DC1E-4FCD-9AC2-8CF1B8D5A55C}.Release|x64.ActiveCfg = Release|Any CPU
		{842C0509-DC1E-4FCD-9AC2-8CF1B8D5A55C}.Release|x64.Build.0 = Release|Any CPU
		{842C0509-DC1E-4FCD-9AC2-8CF1B8D5A55C}.Release|x64.Deploy.0 = Release|Any CPU
		{842C0509-DC1E-4FCD-9AC2-8CF1B8D5A55C}.Release|x86.ActiveCfg = Release|Any CPU
		{842C0509-DC1E-4FCD-9AC2-8CF1B8D5A55C}.Release|x86.Build.0 = Release|Any CPU
		{842C0509-DC1E-4FCD-9AC2-8CF1B8D5A55C}.Release|x86.Deploy.0 = Release|Any CPU
		{1E94C244-EF1A-485A-BABE-97FA53402D9E}.Ad-Hoc|Any CPU.ActiveCfg = Ad-Hoc|iPhone
		{1E94C244-EF1A-485A-BABE-97FA53402D9E}.Ad-Hoc|ARM.ActiveCfg = Ad-Hoc|iPhone
		{1E94C244-EF1A-485A-BABE-97FA53402D9E}.Ad-Hoc|iPhone.ActiveCfg = Ad-Hoc|iPhone
		{1E94C244-EF1A-485A-BABE-97FA53402D9E}.Ad-Hoc|iPhone.Build.0 = Ad-Hoc|iPhone
		{1E94C244-EF1A-485A-BABE-97FA53402D9E}.Ad-Hoc|iPhoneSimulator.ActiveCfg = Ad-Hoc|iPhoneSimulator
		{1E94C244-EF1A-485A-BABE-97FA53402D9E}.Ad-Hoc|iPhoneSimulator.Build.0 = Ad-Hoc|iPhoneSimulator
		{1E94C244-EF1A-485A-BABE-97FA53402D9E}.Ad-Hoc|x64.ActiveCfg = Ad-Hoc|iPhone
		{1E94C244-EF1A-485A-BABE-97FA53402D9E}.Ad-Hoc|x86.ActiveCfg = Ad-Hoc|iPhone
		{1E94C244-EF1A-485A-BABE-97FA53402D9E}.AppStore|Any CPU.ActiveCfg = AppStore|iPhone
		{1E94C244-EF1A-485A-BABE-97FA53402D9E}.AppStore|ARM.ActiveCfg = AppStore|iPhone
		{1E94C244-EF1A-485A-BABE-97FA53402D9E}.AppStore|iPhone.ActiveCfg = AppStore|iPhone
		{1E94C244-EF1A-485A-BABE-97FA53402D9E}.AppStore|iPhone.Build.0 = AppStore|iPhone
		{1E94C244-EF1A-485A-BABE-97FA53402D9E}.AppStore|iPhoneSimulator.ActiveCfg = AppStore|iPhoneSimulator
		{1E94C244-EF1A-485A-BABE-97FA53402D9E}.AppStore|iPhoneSimulator.Build.0 = AppStore|iPhoneSimulator
		{1E94C244-EF1A-485A-BABE-97FA53402D9E}.AppStore|x64.ActiveCfg = AppStore|iPhone
		{1E94C244-EF1A-485A-BABE-97FA53402D9E}.AppStore|x86.ActiveCfg = AppStore|iPhone
		{1E94C244-EF1A-485A-BABE-97FA53402D9E}.Debug|Any CPU.ActiveCfg = Debug|iPhone
		{1E94C244-EF1A-485A-BABE-97FA53402D9E}.Debug|ARM.ActiveCfg = Debug|iPhone
		{1E94C244-EF1A-485A-BABE-97FA53402D9E}.Debug|iPhone.ActiveCfg = Debug|iPhone
		{1E94C244-EF1A-485A-BABE-97FA53402D9E}.Debug|iPhone.Build.0 = Debug|iPhone
		{1E94C244-EF1A-485A-BABE-97FA53402D9E}.Debug|iPhoneSimulator.ActiveCfg = Debug|iPhoneSimulator
		{1E94C244-EF1A-485A-BABE-97FA53402D9E}.Debug|iPhoneSimulator.Build.0 = Debug|iPhoneSimulator
		{1E94C244-EF1A-485A-BABE-97FA53402D9E}.Debug|x64.ActiveCfg = Debug|iPhone
		{1E94C244-EF1A-485A-BABE-97FA53402D9E}.Debug|x86.ActiveCfg = Debug|iPhone
		{1E94C244-EF1A-485A-BABE-97FA53402D9E}.Release|Any CPU.ActiveCfg = Release|iPhone
		{1E94C244-EF1A-485A-BABE-97FA53402D9E}.Release|ARM.ActiveCfg = Release|iPhone
		{1E94C244-EF1A-485A-BABE-97FA53402D9E}.Release|iPhone.ActiveCfg = Release|iPhone
		{1E94C244-EF1A-485A-BABE-97FA53402D9E}.Release|iPhone.Build.0 = Release|iPhone
		{1E94C244-EF1A-485A-BABE-97FA53402D9E}.Release|iPhoneSimulator.ActiveCfg = Release|iPhoneSimulator
		{1E94C244-EF1A-485A-BABE-97FA53402D9E}.Release|iPhoneSimulator.Build.0 = Release|iPhoneSimulator
		{1E94C244-EF1A-485A-BABE-97FA53402D9E}.Release|x64.ActiveCfg = Release|iPhone
		{1E94C244-EF1A-485A-BABE-97FA53402D9E}.Release|x86.ActiveCfg = Release|iPhone
	EndGlobalSection
	GlobalSection(SolutionProperties) = preSolution
		HideSolutionNode = FALSE
	EndGlobalSection
	GlobalSection(ExtensibilityGlobals) = postSolution
		SolutionGuid = {9DEC4883-22F5-43F7-8A6B-96835E597F2C}
	EndGlobalSection
EndGlobal
